<Solution>
  <Folder Name="/Solution Items/">
    <File Path="build/Directory.Build.props" />
    <File Path="build/Directory.Packages.props" />
  </Folder>
  <Project Path="src/WideEvents.Abstractions/WideEvents.Abstractions.csproj" />
  <Project Path="src/WideEvents.AspNetCore/WideEvents.AspNetCore.csproj" />
  <Project Path="src/WideEvents.Core/WideEvents.Core.csproj" />
</Solution>
